
Microsoft Visual Studio Solution File, Format Version 12.00
# Visual Studio Version 17
VisualStudioVersion = 17.14.36127.28 d17.14
MinimumVisualStudioVersion = 10.0.40219.1
Project("{FAE04EC0-301F-11D3-BF4B-00C04F79EFBC}") = "Site", "Site\Site.csproj", "{EB259B11-9F6B-456F-A1E0-2446CE22B372}"
EndProject
Global
	GlobalSection(SolutionConfigurationPlatforms) = preSolution
		Debug|Any CPU = Debug|Any CPU
		Release|Any CPU = Release|Any CPU
	EndGlobalSection
	GlobalSection(ProjectConfigurationPlatforms) = postSolution
		{EB259B11-9F6B-456F-A1E0-2446CE22B372}.Debug|Any CPU.ActiveCfg = Debug|Any CPU
		{EB259B11-9F6B-456F-A1E0-2446CE22B372}.Debug|Any CPU.Build.0 = Debug|Any CPU
		{EB259B11-9F6B-456F-A1E0-2446CE22B372}.Release|Any CPU.ActiveCfg = Release|Any CPU
		{EB259B11-9F6B-456F-A1E0-2446CE22B372}.Release|Any CPU.Build.0 = Release|Any CPU
	EndGlobalSection
	GlobalSection(SolutionProperties) = preSolution
		HideSolutionNode = FALSE
	EndGlobalSection
	GlobalSection(ExtensibilityGlobals) = postSolution
		SolutionGuid = {A4C05CA2-F474-4583-8B46-294FC6A587CC}
	EndGlobalSection
EndGlobal
